// !$*UTF8*$!
{
	archiveVersion = 1;
	classes = {
	};
	objectVersion = 50;
	objects = {

/* Begin PBXBuildFile section */
		73FB14642251C62B00E186DF /* AppDelegate.swift in Sources */ = {isa = PBXBuildFile; fileRef = 73FB14632251C62B00E186DF /* AppDelegate.swift */; };
		73FB14662251C62B00E186DF /* ViewController.swift in Sources */ = {isa = PBXBuildFile; fileRef = 73FB14652251C62B00E186DF /* ViewController.swift */; };
		73FB14692251C62B00E186DF /* Main.storyboard in Resources */ = {isa = PBXBuildFile; fileRef = 73FB14672251C62B00E186DF /* Main.storyboard */; };
		73FB146B2251C62C00E186DF /* Assets.xcassets in Resources */ = {isa = PBXBuildFile; fileRef = 73FB146A2251C62C00E186DF /* Assets.xcassets */; };
		73FB146E2251C62C00E186DF /* LaunchScreen.storyboard in Resources */ = {isa = PBXBuildFile; fileRef = 73FB146C2251C62C00E186DF /* LaunchScreen.storyboard */; };
		73FB14792251C62C00E186DF /* tipcalcDTests.swift in Sources */ = {isa = PBXBuildFile; fileRef = 73FB14782251C62C00E186DF /* tipcalcDTests.swift */; };
		73FB14842251C62C00E186DF /* tipcalcDUITests.swift in Sources */ = {isa = PBXBuildFile; fileRef = 73FB14832251C62C00E186DF /* tipcalcDUITests.swift */; };
/* End PBXBuildFile section */

/* Begin PBXContainerItemProxy section */
		73FB14752251C62C00E186DF /* PBXContainerItemProxy */ = {
			isa = PBXContainerItemProxy;
			containerPortal = 73FB14582251C62B00E186DF /* Project object */;
			proxyType = 1;
			remoteGlobalIDString = 73FB145F2251C62B00E186DF;
			remoteInfo = tipcalcD;
		};
		73FB14802251C62C00E186DF /* PBXContainerItemProxy */ = {
			isa = PBXContainerItemProxy;
			containerPortal = 73FB14582251C62B00E186DF /* Project object */;
			proxyType = 1;
			remoteGlobalIDString = 73FB145F2251C62B00E186DF;
			remoteInfo = tipcalcD;
		};
/* End PBXContainerItemProxy section */

/* Begin PBXFileReference section */
		73FB14602251C62B00E186DF /* tipcalcD.app */ = {isa = PBXFileReference; explicitFileType = wrapper.application; includeInIndex = 0; path = tipcalcD.app; sourceTree = BUILT_PRODUCTS_DIR; };
		73FB14632251C62B00E186DF /* AppDelegate.swift */ = {isa = PBXFileReference; lastKnownFileType = sourcecode.swift; path = AppDelegate.swift; sourceTree = "<group>"; };
		73FB14652251C62B00E186DF /* ViewController.swift */ = {isa = PBXFileReference; lastKnownFileType = sourcecode.swift; path = ViewController.swift; sourceTree = "<group>"; };
		73FB14682251C62B00E186DF /* Base */ = {isa = PBXFileReference; lastKnownFileType = file.storyboard; name = Base; path = Base.lproj/Main.storyboard; sourceTree = "<group>"; };
		73FB146A2251C62C00E186DF /* Assets.xcassets */ = {isa = PBXFileReference; lastKnownFileType = folder.assetcatalog; path = Assets.xcassets; sourceTree = "<group>"; };
		73FB146D2251C62C00E186DF /* Base */ = {isa = PBXFileReference; lastKnownFileType = file.storyboard; name = Base; path = Base.lproj/LaunchScreen.storyboard; sourceTree = "<group>"; };
		73FB146F2251C62C00E186DF /* Info.plist */ = {isa = PBXFileReference; lastKnownFileType = text.plist.xml; path = Info.plist; sourceTree = "<group>"; };
		73FB14742251C62C00E186DF /* tipcalcDTests.xctest */ = {isa = PBXFileReference; explicitFileType = wrapper.cfbundle; includeInIndex = 0; path = tipcalcDTests.xctest; sourceTree = BUILT_PRODUCTS_DIR; };
		73FB14782251C62C00E186DF /* tipcalcDTests.swift */ = {isa = PBXFileReference; lastKnownFileType = sourcecode.swift; path = tipcalcDTests.swift; sourceTree = "<group>"; };
		73FB147A2251C62C00E186DF /* Info.plist */ = {isa = PBXFileReference; lastKnownFileType = text.plist.xml; path = Info.plist; sourceTree = "<group>"; };
		73FB147F2251C62C00E186DF /* tipcalcDUITests.xctest */ = {isa = PBXFileReference; explicitFileType = wrapper.cfbundle; includeInIndex = 0; path = tipcalcDUITests.xctest; sourceTree = BUILT_PRODUCTS_DIR; };
		73FB14832251C62C00E186DF /* tipcalcDUITests.swift */ = {isa = PBXFileReference; lastKnownFileType = sourcecode.swift; path = tipcalcDUITests.swift; sourceTree = "<group>"; };
		73FB14852251C62C00E186DF /* Info.plist */ = {isa = PBXFileReference; lastKnownFileType = text.plist.xml; path = Info.plist; sourceTree = "<group>"; };
/* End PBXFileReference section */

/* Begin PBXFrameworksBuildPhase section */
		73FB145D2251C62B00E186DF /* Frameworks */ = {
			isa = PBXFrameworksBuildPhase;
			buildActionMask = 2147483647;
			files = (
			);
			runOnlyForDeploymentPostprocessing = 0;
		};
		73FB14712251C62C00E186DF /* Frameworks */ = {
			isa = PBXFrameworksBuildPhase;
			buildActionMask = 2147483647;
			files = (
			);
			runOnlyForDeploymentPostprocessing = 0;
		};
		73FB147C2251C62C00E186DF /* Frameworks */ = {
			isa = PBXFrameworksBuildPhase;
			buildActionMask = 2147483647;
			files = (
			);
			runOnlyForDeploymentPostprocessing = 0;
		};
/* End PBXFrameworksBuildPhase section */

/* Begin PBXGroup section */
		73FB14572251C62B00E186DF = {
			isa = PBXGroup;
			children = (
				73FB14622251C62B00E186DF /* tipcalcD */,
				73FB14772251C62C00E186DF /* tipcalcDTests */,
				73FB14822251C62C00E186DF /* tipcalcDUITests */,
				73FB14612251C62B00E186DF /* Products */,
			);
			sourceTree = "<group>";
		};
		73FB14612251C62B00E186DF /* Products */ = {
			isa = PBXGroup;
			children = (
				73FB14602251C62B00E186DF /* tipcalcD.app */,
				73FB14742251C62C00E186DF /* tipcalcDTests.xctest */,
				73FB147F2251C62C00E186DF /* tipcalcDUITests.xctest */,
			);
			name = Products;
			sourceTree = "<group>";
		};
		73FB14622251C62B00E186DF /* tipcalcD */ = {
			isa = PBXGroup;
			children = (
				73FB14632251C62B00E186DF /* AppDelegate.swift */,
				73FB14652251C62B00E186DF /* ViewController.swift */,
				73FB14672251C62B00E186DF /* Main.storyboard */,
				73FB146A2251C62C00E186DF /* Assets.xcassets */,
				73FB146C2251C62C00E186DF /* LaunchScreen.storyboard */,
				73FB146F2251C62C00E186DF /* Info.plist */,
			);
			path = tipcalcD;
			sourceTree = "<group>";
		};
		73FB14772251C62C00E186DF /* tipcalcDTests */ = {
			isa = PBXGroup;
			children = (
				73FB14782251C62C00E186DF /* tipcalcDTests.swift */,
				73FB147A2251C62C00E186DF /* Info.plist */,
			);
			path = tipcalcDTests;
			sourceTree = "<group>";
		};
		73FB14822251C62C00E186DF /* tipcalcDUITests */ = {
			isa = PBXGroup;
			children = (
				73FB14832251C62C00E186DF /* tipcalcDUITests.swift */,
				73FB14852251C62C00E186DF /* Info.plist */,
			);
			path = tipcalcDUITests;
			sourceTree = "<group>";
		};
/* End PBXGroup section */

/* Begin PBXNativeTarget section */
		73FB145F2251C62B00E186DF /* tipcalcD */ = {
			isa = PBXNativeTarget;
			buildConfigurationList = 73FB14882251C62C00E186DF /* Build configuration list for PBXNativeTarget "tipcalcD" */;
			buildPhases = (
				73FB145C2251C62B00E186DF /* Sources */,
				73FB145D2251C62B00E186DF /* Frameworks */,
				73FB145E2251C62B00E186DF /* Resources */,
			);
			buildRules = (
			);
			dependencies = (
			);
			name = tipcalcD;
			productName = tipcalcD;
			productReference = 73FB14602251C62B00E186DF /* tipcalcD.app */;
			productType = "com.apple.product-type.application";
		};
		73FB14732251C62C00E186DF /* tipcalcDTests */ = {
			isa = PBXNativeTarget;
			buildConfigurationList = 73FB148B2251C62C00E186DF /* Build configuration list for PBXNativeTarget "tipcalcDTests" */;
			buildPhases = (
				73FB14702251C62C00E186DF /* Sources */,
				73FB14712251C62C00E186DF /* Frameworks */,
				73FB14722251C62C00E186DF /* Resources */,
			);
			buildRules = (
			);
			dependencies = (
				73FB14762251C62C00E186DF /* PBXTargetDependency */,
			);
			name = tipcalcDTests;
			productName = tipcalcDTests;
			productReference = 73FB14742251C62C00E186DF /* tipcalcDTests.xctest */;
			productType = "com.apple.product-type.bundle.unit-test";
		};
		73FB147E2251C62C00E186DF /* tipcalcDUITests */ = {
			isa = PBXNativeTarget;
			buildConfigurationList = 73FB148E2251C62C00E186DF /* Build configuration list for PBXNativeTarget "tipcalcDUITests" */;
			buildPhases = (
				73FB147B2251C62C00E186DF /* Sources */,
				73FB147C2251C62C00E186DF /* Frameworks */,
				73FB147D2251C62C00E186DF /* Resources */,
			);
			buildRules = (
			);
			dependencies = (
				73FB14812251C62C00E186DF /* PBXTargetDependency */,
			);
			name = tipcalcDUITests;
			productName = tipcalcDUITests;
			productReference = 73FB147F2251C62C00E186DF /* tipcalcDUITests.xctest */;
			productType = "com.apple.product-type.bundle.ui-testing";
		};
/* End PBXNativeTarget section */

/* Begin PBXProject section */
		73FB14582251C62B00E186DF /* Project object */ = {
			isa = PBXProject;
			attributes = {
				LastSwiftUpdateCheck = 1020;
				LastUpgradeCheck = 1020;
				ORGANIZATIONNAME = "Derek Ye";
				TargetAttributes = {
					73FB145F2251C62B00E186DF = {
						CreatedOnToolsVersion = 10.2;
					};
					73FB14732251C62C00E186DF = {
						CreatedOnToolsVersion = 10.2;
						TestTargetID = 73FB145F2251C62B00E186DF;
					};
					73FB147E2251C62C00E186DF = {
						CreatedOnToolsVersion = 10.2;
						TestTargetID = 73FB145F2251C62B00E186DF;
					};
				};
			};
			buildConfigurationList = 73FB145B2251C62B00E186DF /* Build configuration list for PBXProject "tipcalcD" */;
			compatibilityVersion = "Xcode 9.3";
			developmentRegion = en;
			hasScannedForEncodings = 0;
			knownRegions = (
				en,
				Base,
			);
			mainGroup = 73FB14572251C62B00E186DF;
			productRefGroup = 73FB14612251C62B00E186DF /* Products */;
			projectDirPath = "";
			projectRoot = "";
			targets = (
				73FB145F2251C62B00E186DF /* tipcalcD */,
				73FB14732251C62C00E186DF /* tipcalcDTests */,
				73FB147E2251C62C00E186DF /* tipcalcDUITests */,
			);
		};
/* End PBXProject section */

/* Begin PBXResourcesBuildPhase section */
		73FB145E2251C62B00E186DF /* Resources */ = {
			isa = PBXResourcesBuildPhase;
			buildActionMask = 2147483647;
			files = (
				73FB146E2251C62C00E186DF /* LaunchScreen.storyboard in Resources */,
				73FB146B2251C62C00E186DF /* Assets.xcassets in Resources */,
				73FB14692251C62B00E186DF /* Main.storyboard in Resources */,
			);
			runOnlyForDeploymentPostprocessing = 0;
		};
		73FB14722251C62C00E186DF /* Resources */ = {
			isa = PBXResourcesBuildPhase;
			buildActionMask = 2147483647;
			files = (
			);
			runOnlyForDeploymentPostprocessing = 0;
		};
		73FB147D2251C62C00E186DF /* Resources */ = {
			isa = PBXResourcesBuildPhase;
			buildActionMask = 2147483647;
			files = (
			);
			runOnlyForDeploymentPostprocessing = 0;
		};
/* End PBXResourcesBuildPhase section */

/* Begin PBXSourcesBuildPhase section */
		73FB145C2251C62B00E186DF /* Sources */ = {
			isa = PBXSourcesBuildPhase;
			buildActionMask = 2147483647;
			files = (
				73FB14662251C62B00E186DF /* ViewController.swift in Sources */,
				73FB14642251C62B00E186DF /* AppDelegate.swift in Sources */,
			);
			runOnlyForDeploymentPostprocessing = 0;
		};
		73FB14702251C62C00E186DF /* Sources */ = {
			isa = PBXSourcesBuildPhase;
			buildActionMask = 2147483647;
			files = (
				73FB14792251C62C00E186DF /* tipcalcDTests.swift in Sources */,
			);
			runOnlyForDeploymentPostprocessing = 0;
		};
		73FB147B2251C62C00E186DF /* Sources */ = {
			isa = PBXSourcesBuildPhase;
			buildActionMask = 2147483647;
			files = (
				73FB14842251C62C00E186DF /* tipcalcDUITests.swift in Sources */,
			);
			runOnlyForDeploymentPostprocessing = 0;
		};
/* End PBXSourcesBuildPhase section */

/* Begin PBXTargetDependency section */
		73FB14762251C62C00E186DF /* PBXTargetDependency */ = {
			isa = PBXTargetDependency;
			target = 73FB145F2251C62B00E186DF /* tipcalcD */;
			targetProxy = 73FB14752251C62C00E186DF /* PBXContainerItemProxy */;
		};
		73FB14812251C62C00E186DF /* PBXTargetDependency */ = {
			isa = PBXTargetDependency;
			target = 73FB145F2251C62B00E186DF /* tipcalcD */;
			targetProxy = 73FB14802251C62C00E186DF /* PBXContainerItemProxy */;
		};
/* End PBXTargetDependency section */

/* Begin PBXVariantGroup section */
		73FB14672251C62B00E186DF /* Main.storyboard */ = {
			isa = PBXVariantGroup;
			children = (
				73FB14682251C62B00E186DF /* Base */,
			);
			name = Main.storyboard;
			sourceTree = "<group>";
		};
		73FB146C2251C62C00E186DF /* LaunchScreen.storyboard */ = {
			isa = PBXVariantGroup;
			children = (
				73FB146D2251C62C00E186DF /* Base */,
			);
			name = LaunchScreen.storyboard;
			sourceTree = "<group>";
		};
/* End PBXVariantGroup section */

/* Begin XCBuildConfiguration section */
		73FB14862251C62C00E186DF /* Debug */ = {
			isa = XCBuildConfiguration;
			buildSettings = {
				ALWAYS_SEARCH_USER_PATHS = NO;
				CLANG_ANALYZER_NONNULL = YES;
				CLANG_ANALYZER_NUMBER_OBJECT_CONVERSION = YES_AGGRESSIVE;
				CLANG_CXX_LANGUAGE_STANDARD = "gnu++14";
				CLANG_CXX_LIBRARY = "libc++";
				CLANG_ENABLE_MODULES = YES;
				CLANG_ENABLE_OBJC_ARC = YES;
				CLANG_ENABLE_OBJC_WEAK = YES;
				CLANG_WARN_BLOCK_CAPTURE_AUTORELEASING = YES;
				CLANG_WARN_BOOL_CONVERSION = YES;
				CLANG_WARN_COMMA = YES;
				CLANG_WARN_CONSTANT_CONVERSION = YES;
				CLANG_WARN_DEPRECATED_OBJC_IMPLEMENTATIONS = YES;
				CLANG_WARN_DIRECT_OBJC_ISA_USAGE = YES_ERROR;
				CLANG_WARN_DOCUMENTATION_COMMENTS = YES;
				CLANG_WARN_EMPTY_BODY = YES;
				CLANG_WARN_ENUM_CONVERSION = YES;
				CLANG_WARN_INFINITE_RECURSION = YES;
				CLANG_WARN_INT_CONVERSION = YES;
				CLANG_WARN_NON_LITERAL_NULL_CONVERSION = YES;
				CLANG_WARN_OBJC_IMPLICIT_RETAIN_SELF = YES;
				CLANG_WARN_OBJC_LITERAL_CONVERSION = YES;
				CLANG_WARN_OBJC_ROOT_CLASS = YES_ERROR;
				CLANG_WARN_RANGE_LOOP_ANALYSIS = YES;
				CLANG_WARN_STRICT_PROTOTYPES = YES;
				CLANG_WARN_SUSPICIOUS_MOVE = YES;
				CLANG_WARN_UNGUARDED_AVAILABILITY = YES_AGGRESSIVE;
				CLANG_WARN_UNREACHABLE_CODE = YES;
				CLANG_WARN__DUPLICATE_METHOD_MATCH = YES;
				CODE_SIGN_IDENTITY = "iPhone Developer";
				COPY_PHASE_STRIP = NO;
				DEBUG_INFORMATION_FORMAT = dwarf;
				ENABLE_STRICT_OBJC_MSGSEND = YES;
				ENABLE_TESTABILITY = YES;
				GCC_C_LANGUAGE_STANDARD = gnu11;
				GCC_DYNAMIC_NO_PIC = NO;
				GCC_NO_COMMON_BLOCKS = YES;
				GCC_OPTIMIZATION_LEVEL = 0;
				GCC_PREPROCESSOR_DEFINITIONS = (
					"DEBUG=1",
					"$(inherited)",
				);
				GCC_WARN_64_TO_32_BIT_CONVERSION = YES;
				GCC_WARN_ABOUT_RETURN_TYPE = YES_ERROR;
				GCC_WARN_UNDECLARED_SELECTOR = YES;
				GCC_WARN_UNINITIALIZED_AUTOS = YES_AGGRESSIVE;
				GCC_WARN_UNUSED_FUNCTION = YES;
				GCC_WARN_UNUSED_VARIABLE = YES;
				IPHONEOS_DEPLOYMENT_TARGET = 12.2;
				MTL_ENABLE_DEBUG_INFO = INCLUDE_SOURCE;
				MTL_FAST_MATH = YES;
				ONLY_ACTIVE_ARCH = YES;
				SDKROOT = iphoneos;
				SWIFT_ACTIVE_COMPILATION_CONDITIONS = DEBUG;
				SWIFT_OPTIMIZATION_LEVEL = "-Onone";
			};
			name = Debug;
		};
		73FB14872251C62C00E186DF /* Release */ = {
			isa = XCBuildConfiguration;
			buildSettings = {
				ALWAYS_SEARCH_USER_PATHS = NO;
				CLANG_ANALYZER_NONNULL = YES;
				CLANG_ANALYZER_NUMBER_OBJECT_CONVERSION = YES_AGGRESSIVE;
				CLANG_CXX_LANGUAGE_STANDARD = "gnu++14";
				CLANG_CXX_LIBRARY = "libc++";
				CLANG_ENABLE_MODULES = YES;
				CLANG_ENABLE_OBJC_ARC = YES;
				CLANG_ENABLE_OBJC_WEAK = YES;
				CLANG_WARN_BLOCK_CAPTURE_AUTORELEASING = YES;
				CLANG_WARN_BOOL_CONVERSION = YES;
				CLANG_WARN_COMMA = YES;
				CLANG_WARN_CONSTANT_CONVERSION = YES;
				CLANG_WARN_DEPRECATED_OBJC_IMPLEMENTATIONS = YES;
				CLANG_WARN_DIRECT_OBJC_ISA_USAGE = YES_ERROR;
				CLANG_WARN_DOCUMENTATION_COMMENTS = YES;
				CLANG_WARN_EMPTY_BODY = YES;
				CLANG_WARN_ENUM_CONVERSION = YES;
				CLANG_WARN_INFINITE_RECURSION = YES;
				CLANG_WARN_INT_CONVERSION = YES;
				CLANG_WARN_NON_LITERAL_NULL_CONVERSION = YES;
				CLANG_WARN_OBJC_IMPLICIT_RETAIN_SELF = YES;
				CLANG_WARN_OBJC_LITERAL_CONVERSION = YES;
				CLANG_WARN_OBJC_ROOT_CLASS = YES_ERROR;
				CLANG_WARN_RANGE_LOOP_ANALYSIS = YES;
				CLANG_WARN_STRICT_PROTOTYPES = YES;
				CLANG_WARN_SUSPICIOUS_MOVE = YES;
				CLANG_WARN_UNGUARDED_AVAILABILITY = YES_AGGRESSIVE;
				CLANG_WARN_UNREACHABLE_CODE = YES;
				CLANG_WARN__DUPLICATE_METHOD_MATCH = YES;
				CODE_SIGN_IDENTITY = "iPhone Developer";
				COPY_PHASE_STRIP = NO;
				DEBUG_INFORMATION_FORMAT = "dwarf-with-dsym";
				ENABLE_NS_ASSERTIONS = NO;
				ENABLE_STRICT_OBJC_MSGSEND = YES;
				GCC_C_LANGUAGE_STANDARD = gnu11;
				GCC_NO_COMMON_BLOCKS = YES;
				GCC_WARN_64_TO_32_BIT_CONVERSION = YES;
				GCC_WARN_ABOUT_RETURN_TYPE = YES_ERROR;
				GCC_WARN_UNDECLARED_SELECTOR = YES;
				GCC_WARN_UNINITIALIZED_AUTOS = YES_AGGRESSIVE;
				GCC_WARN_UNUSED_FUNCTION = YES;
				GCC_WARN_UNUSED_VARIABLE = YES;
				IPHONEOS_DEPLOYMENT_TARGET = 12.2;
				MTL_ENABLE_DEBUG_INFO = NO;
				MTL_FAST_MATH = YES;
				SDKROOT = iphoneos;
				SWIFT_COMPILATION_MODE = wholemodule;
				SWIFT_OPTIMIZATION_LEVEL = "-O";
				VALIDATE_PRODUCT = YES;
			};
			name = Release;
		};
		73FB14892251C62C00E186DF /* Debug */ = {
			isa = XCBuildConfiguration;
			buildSettings = {
				ASSETCATALOG_COMPILER_APPICON_NAME = AppIcon;
				CODE_SIGN_STYLE = Automatic;
				INFOPLIST_FILE = tipcalcD/Info.plist;
				LD_RUNPATH_SEARCH_PATHS = (
					"$(inherited)",
					"@executable_path/Frameworks",
				);
				PRODUCT_BUNDLE_IDENTIFIER = UCI.tipcalcD;
				PRODUCT_NAME = "$(TARGET_NAME)";
				SWIFT_VERSION = 5.0;
				TARGETED_DEVICE_FAMILY = "1,2";
			};
			name = Debug;
		};
		73FB148A2251C62C00E186DF /* Release */ = {
			isa = XCBuildConfiguration;
			buildSettings = {
				ASSETCATALOG_COMPILER_APPICON_NAME = AppIcon;
				CODE_SIGN_STYLE = Automatic;
				INFOPLIST_FILE = tipcalcD/Info.plist;
				LD_RUNPATH_SEARCH_PATHS = (
					"$(inherited)",
					"@executable_path/Frameworks",
				);
				PRODUCT_BUNDLE_IDENTIFIER = UCI.tipcalcD;
				PRODUCT_NAME = "$(TARGET_NAME)";
				SWIFT_VERSION = 5.0;
				TARGETED_DEVICE_FAMILY = "1,2";
			};
			name = Release;
		};
		73FB148C2251C62C00E186DF /* Debug */ = {
			isa = XCBuildConfiguration;
			buildSettings = {
				ALWAYS_EMBED_SWIFT_STANDARD_LIBRARIES = YES;
				BUNDLE_LOADER = "$(TEST_HOST)";
				CODE_SIGN_STYLE = Automatic;
				INFOPLIST_FILE = tipcalcDTests/Info.plist;
				LD_RUNPATH_SEARCH_PATHS = (
					"$(inherited)",
					"@executable_path/Frameworks",
					"@loader_path/Frameworks",
				);
				PRODUCT_BUNDLE_IDENTIFIER = UCI.tipcalcDTests;
				PRODUCT_NAME = "$(TARGET_NAME)";
				SWIFT_VERSION = 5.0;
				TARGETED_DEVICE_FAMILY = "1,2";
				TEST_HOST = "$(BUILT_PRODUCTS_DIR)/tipcalcD.app/tipcalcD";
			};
			name = Debug;
		};
		73FB148D2251C62C00E186DF /* Release */ = {
			isa = XCBuildConfiguration;
			buildSettings = {
				ALWAYS_EMBED_SWIFT_STANDARD_LIBRARIES = YES;
				BUNDLE_LOADER = "$(TEST_HOST)";
				CODE_SIGN_STYLE = Automatic;
				INFOPLIST_FILE = tipcalcDTests/Info.plist;
				LD_RUNPATH_SEARCH_PATHS = (
					"$(inherited)",
					"@executable_path/Frameworks",
					"@loader_path/Frameworks",
				);
				PRODUCT_BUNDLE_IDENTIFIER = UCI.tipcalcDTests;
				PRODUCT_NAME = "$(TARGET_NAME)";
				SWIFT_VERSION = 5.0;
				TARGETED_DEVICE_FAMILY = "1,2";
				TEST_HOST = "$(BUILT_PRODUCTS_DIR)/tipcalcD.app/tipcalcD";
			};
			name = Release;
		};
		73FB148F2251C62C00E186DF /* Debug */ = {
			isa = XCBuildConfiguration;
			buildSettings = {
				ALWAYS_EMBED_SWIFT_STANDARD_LIBRARIES = YES;
				CODE_SIGN_STYLE = Automatic;
				INFOPLIST_FILE = tipcalcDUITests/Info.plist;
				LD_RUNPATH_SEARCH_PATHS = (
					"$(inherited)",
					"@executable_path/Frameworks",
					"@loader_path/Frameworks",
				);
				PRODUCT_BUNDLE_IDENTIFIER = UCI.tipcalcDUITests;
				PRODUCT_NAME = "$(TARGET_NAME)";
				SWIFT_VERSION = 5.0;
				TARGETED_DEVICE_FAMILY = "1,2";
				TEST_TARGET_NAME = tipcalcD;
			};
			name = Debug;
		};
		73FB14902251C62C00E186DF /* Release */ = {
			isa = XCBuildConfiguration;
			buildSettings = {
				ALWAYS_EMBED_SWIFT_STANDARD_LIBRARIES = YES;
				CODE_SIGN_STYLE = Automatic;
				INFOPLIST_FILE = tipcalcDUITests/Info.plist;
				LD_RUNPATH_SEARCH_PATHS = (
					"$(inherited)",
					"@executable_path/Frameworks",
					"@loader_path/Frameworks",
				);
				PRODUCT_BUNDLE_IDENTIFIER = UCI.tipcalcDUITests;
				PRODUCT_NAME = "$(TARGET_NAME)";
				SWIFT_VERSION = 5.0;
				TARGETED_DEVICE_FAMILY = "1,2";
				TEST_TARGET_NAME = tipcalcD;
			};
			name = Release;
		};
/* End XCBuildConfiguration section */

/* Begin XCConfigurationList section */
		73FB145B2251C62B00E186DF /* Build configuration list for PBXProject "tipcalcD" */ = {
			isa = XCConfigurationList;
			buildConfigurations = (
				73FB14862251C62C00E186DF /* Debug */,
				73FB14872251C62C00E186DF /* Release */,
			);
			defaultConfigurationIsVisible = 0;
			defaultConfigurationName = Release;
		};
		73FB14882251C62C00E186DF /* Build configuration list for PBXNativeTarget "tipcalcD" */ = {
			isa = XCConfigurationList;
			buildConfigurations = (
				73FB14892251C62C00E186DF /* Debug */,
				73FB148A2251C62C00E186DF /* Release */,
			);
			defaultConfigurationIsVisible = 0;
			defaultConfigurationName = Release;
		};
		73FB148B2251C62C00E186DF /* Build configuration list for PBXNativeTarget "tipcalcDTests" */ = {
			isa = XCConfigurationList;
			buildConfigurations = (
				73FB148C2251C62C00E186DF /* Debug */,
				73FB148D2251C62C00E186DF /* Release */,
			);
			defaultConfigurationIsVisible = 0;
			defaultConfigurationName = Release;
		};
		73FB148E2251C62C00E186DF /* Build configuration list for PBXNativeTarget "tipcalcDUITests" */ = {
			isa = XCConfigurationList;
			buildConfigurations = (
				73FB148F2251C62C00E186DF /* Debug */,
				73FB14902251C62C00E186DF /* Release */,
			);
			defaultConfigurationIsVisible = 0;
			defaultConfigurationName = Release;
		};
/* End XCConfigurationList section */
	};
	rootObject = 73FB14582251C62B00E186DF /* Project object */;
}
